# This file was autogenerated by Stack.
# You should not edit this file by hand.
# For more information, please see the documentation at:
#   https://docs.haskellstack.org/en/stable/lock_files

packages:
- completed:
    hackage: extensible-effects-3.1.0.0@sha256:67d2cb3d668b61420feb0ee9e42fe205db87be9baee65e9ebaa36a9809b18d66,9124
    pantry-tree:
      size: 3405
      sha256: 771e5c77c173f96b8708195371d603f21ae89d9156bdca3ce15ff7da43665b56
  original:
    hackage: extensible-effects-3.1.0.0
snapshots:
- completed:
    size: 504771
    url: https://raw.githubusercontent.com/commercialhaskell/stackage-snapshots/master/lts/12/14.yaml
    sha256: 3cbd6c83316dd5e2bbc756dc7a2a4e31a31859c3f8b5c720efb6850b08e42649
  original: lts-12.14
